
Microsoft Visual Studio Solution File, Format Version 12.00
# Visual Studio Version 16
VisualStudioVersion = 16.0.31205.134
MinimumVisualStudioVersion = 10.0.40219.1
Project("{00D1A9C2-B5F0-4AF3-8072-F6C62B433612}") = "Tests", "Tests\Tests.sqlproj", "{D2A2592D-1509-4D96-A2A8-0B9B68679EC3}"
	ProjectSection(ProjectDependencies) = postProject
		{017953A9-C3D7-4473-8CCA-9A45EE1C4D5D} = {017953A9-C3D7-4473-8CCA-9A45EE1C4D5D}
	EndProjectSection
EndProject
Project("{00D1A9C2-B5F0-4AF3-8072-F6C62B433612}") = "Code", "Code\Code.sqlproj", "{017953A9-C3D7-4473-8CCA-9A45EE1C4D5D}"
EndProject
Global
	GlobalSection(SolutionConfigurationPlatforms) = preSolution
		Debug|Any CPU = Debug|Any CPU
		Release|Any CPU = Release|Any CPU
	EndGlobalSection
	GlobalSection(ProjectConfigurationPlatforms) = postSolution
		{D2A2592D-1509-4D96-A2A8-0B9B68679EC3}.Debug|Any CPU.ActiveCfg = Debug|Any CPU
		{D2A2592D-1509-4D96-A2A8-0B9B68679EC3}.Debug|Any CPU.Build.0 = Debug|Any CPU
		{D2A2592D-1509-4D96-A2A8-0B9B68679EC3}.Debug|Any CPU.Deploy.0 = Debug|Any CPU
		{D2A2592D-1509-4D96-A2A8-0B9B68679EC3}.Release|Any CPU.ActiveCfg = Release|Any CPU
		{D2A2592D-1509-4D96-A2A8-0B9B68679EC3}.Release|Any CPU.Build.0 = Release|Any CPU
		{D2A2592D-1509-4D96-A2A8-0B9B68679EC3}.Release|Any CPU.Deploy.0 = Release|Any CPU
		{017953A9-C3D7-4473-8CCA-9A45EE1C4D5D}.Debug|Any CPU.ActiveCfg = Debug|Any CPU
		{017953A9-C3D7-4473-8CCA-9A45EE1C4D5D}.Debug|Any CPU.Build.0 = Debug|Any CPU
		{017953A9-C3D7-4473-8CCA-9A45EE1C4D5D}.Debug|Any CPU.Deploy.0 = Debug|Any CPU
		{017953A9-C3D7-4473-8CCA-9A45EE1C4D5D}.Release|Any CPU.ActiveCfg = Release|Any CPU
		{017953A9-C3D7-4473-8CCA-9A45EE1C4D5D}.Release|Any CPU.Build.0 = Release|Any CPU
		{017953A9-C3D7-4473-8CCA-9A45EE1C4D5D}.Release|Any CPU.Deploy.0 = Release|Any CPU
	EndGlobalSection
	GlobalSection(SolutionProperties) = preSolution
		HideSolutionNode = FALSE
	EndGlobalSection
	GlobalSection(ExtensibilityGlobals) = postSolution
		SolutionGuid = {7211CF9F-D1AC-4C59-816E-4895232BE58E}
	EndGlobalSection
EndGlobal
