
Microsoft Visual Studio Solution File, Format Version 12.00
# Visual Studio Version 16
VisualStudioVersion = 16.0.31321.278
MinimumVisualStudioVersion = 10.0.40219.1
Project("{00D1A9C2-B5F0-4AF3-8072-F6C62B433612}") = "Code", "Code\Code.sqlproj", "{E0DDD667-81CA-4C66-9AB3-35100D15E98C}"
EndProject
Project("{00D1A9C2-B5F0-4AF3-8072-F6C62B433612}") = "Tests", "Tests\Tests.sqlproj", "{EE43A423-3F58-43BF-BCF8-CDCBA6C87090}"
EndProject
Project("{00D1A9C2-B5F0-4AF3-8072-F6C62B433612}") = "tSQLt", "tSQLt\tSQLt.sqlproj", "{8283ACB4-5A1B-45D2-BAC0-549D56CC32AD}"
	ProjectSection(ProjectDependencies) = postProject
		{EE43A423-3F58-43BF-BCF8-CDCBA6C87090} = {EE43A423-3F58-43BF-BCF8-CDCBA6C87090}
	EndProjectSection
EndProject
Global
	GlobalSection(SolutionConfigurationPlatforms) = preSolution
		Debug|Any CPU = Debug|Any CPU
		Release|Any CPU = Release|Any CPU
	EndGlobalSection
	GlobalSection(ProjectConfigurationPlatforms) = postSolution
		{E0DDD667-81CA-4C66-9AB3-35100D15E98C}.Debug|Any CPU.ActiveCfg = Debug|Any CPU
		{E0DDD667-81CA-4C66-9AB3-35100D15E98C}.Debug|Any CPU.Build.0 = Debug|Any CPU
		{E0DDD667-81CA-4C66-9AB3-35100D15E98C}.Debug|Any CPU.Deploy.0 = Debug|Any CPU
		{E0DDD667-81CA-4C66-9AB3-35100D15E98C}.Release|Any CPU.ActiveCfg = Release|Any CPU
		{E0DDD667-81CA-4C66-9AB3-35100D15E98C}.Release|Any CPU.Build.0 = Release|Any CPU
		{E0DDD667-81CA-4C66-9AB3-35100D15E98C}.Release|Any CPU.Deploy.0 = Release|Any CPU
		{EE43A423-3F58-43BF-BCF8-CDCBA6C87090}.Debug|Any CPU.ActiveCfg = Debug|Any CPU
		{EE43A423-3F58-43BF-BCF8-CDCBA6C87090}.Debug|Any CPU.Build.0 = Debug|Any CPU
		{EE43A423-3F58-43BF-BCF8-CDCBA6C87090}.Debug|Any CPU.Deploy.0 = Debug|Any CPU
		{EE43A423-3F58-43BF-BCF8-CDCBA6C87090}.Release|Any CPU.ActiveCfg = Release|Any CPU
		{EE43A423-3F58-43BF-BCF8-CDCBA6C87090}.Release|Any CPU.Build.0 = Release|Any CPU
		{EE43A423-3F58-43BF-BCF8-CDCBA6C87090}.Release|Any CPU.Deploy.0 = Release|Any CPU
		{8283ACB4-5A1B-45D2-BAC0-549D56CC32AD}.Debug|Any CPU.ActiveCfg = Debug|Any CPU
		{8283ACB4-5A1B-45D2-BAC0-549D56CC32AD}.Debug|Any CPU.Build.0 = Debug|Any CPU
		{8283ACB4-5A1B-45D2-BAC0-549D56CC32AD}.Debug|Any CPU.Deploy.0 = Debug|Any CPU
		{8283ACB4-5A1B-45D2-BAC0-549D56CC32AD}.Release|Any CPU.ActiveCfg = Release|Any CPU
		{8283ACB4-5A1B-45D2-BAC0-549D56CC32AD}.Release|Any CPU.Build.0 = Release|Any CPU
		{8283ACB4-5A1B-45D2-BAC0-549D56CC32AD}.Release|Any CPU.Deploy.0 = Release|Any CPU
	EndGlobalSection
	GlobalSection(SolutionProperties) = preSolution
		HideSolutionNode = FALSE
	EndGlobalSection
	GlobalSection(ExtensibilityGlobals) = postSolution
		SolutionGuid = {5CE7CE77-8F4B-4307-843E-B70C4E82025E}
	EndGlobalSection
EndGlobal
